github.com/natefinch/lumberjack/v3 v3.0.0-alpha h1:HZ2AJF20D1lo9S0F/rpgkFbPGam5dgR3X0KUtZA5mlY=
github.com/natefinch/lumberjack/v3 v3.0.0-alpha/go.mod h1:rPTlHhMjhrvPAhqKh0FC57E0pXZoanrXgMDj4yv5wcM=
golang.org/x/exp v0.0.0-20221217163422-3c43f8badb15 h1:5oN1Pz/eDhCpbMbLstvIPa0b/BEQo6g6nwV3pLjfM6w=
golang.org/x/exp v0.0.0-20221217163422-3c43f8badb15/go.mod h1:CxIveKay+FTh1D0yPZemJVgC/95VzuuOLq5Qi4xnoYc=
